
Microsoft Visual Studio Solution File, Format Version 12.00
# Visual Studio Version 17
VisualStudioVersion = 17.11.35327.3
MinimumVisualStudioVersion = 10.0.40219.1
Project("{FAE04EC0-301F-11D3-BF4B-00C04F79EFBC}") = "frasiak-nick-a3-flappybirdclone", "frasiak-nick-a3-flappybirdclone.csproj", "{523EA05A-90CB-4A87-AD63-A1A1E974032D}"
EndProject
Global
	GlobalSection(SolutionConfigurationPlatforms) = preSolution
		Debug|Any CPU = Debug|Any CPU
		Release|Any CPU = Release|Any CPU
	EndGlobalSection
	GlobalSection(ProjectConfigurationPlatforms) = postSolution
		{523EA05A-90CB-4A87-AD63-A1A1E974032D}.Debug|Any CPU.ActiveCfg = Debug|Any CPU
		{523EA05A-90CB-4A87-AD63-A1A1E974032D}.Debug|Any CPU.Build.0 = Debug|Any CPU
		{523EA05A-90CB-4A87-AD63-A1A1E974032D}.Release|Any CPU.ActiveCfg = Release|Any CPU
		{523EA05A-90CB-4A87-AD63-A1A1E974032D}.Release|Any CPU.Build.0 = Release|Any CPU
	EndGlobalSection
	GlobalSection(SolutionProperties) = preSolution
		HideSolutionNode = FALSE
	EndGlobalSection
	GlobalSection(ExtensibilityGlobals) = postSolution
		SolutionGuid = {55D03211-C960-424C-BEB4-7C967A825E11}
	EndGlobalSection
EndGlobal
